
Microsoft Visual Studio Solution File, Format Version 12.00
# Visual Studio 15
VisualStudioVersion = 15.0.27703.2042
MinimumVisualStudioVersion = 10.0.40219.1
Project("{FAE04EC0-301F-11D3-BF4B-00C04F79EFBC}") = "WebScrapingDemo.Android", "WebScrapingDemo\WebScrapingDemo.Android\WebScrapingDemo.Android.csproj", "{0E867D40-F3EC-4BEB-8CCE-57BEA4A5A581}"
EndProject
Project("{FAE04EC0-301F-11D3-BF4B-00C04F79EFBC}") = "WebScrapingDemo.iOS", "WebScrapingDemo\WebScrapingDemo.iOS\WebScrapingDemo.iOS.csproj", "{D5540625-B920-48E6-BBC4-91BA15ABA361}"
EndProject
Project("{FAE04EC0-301F-11D3-BF4B-00C04F79EFBC}") = "WebScrapingDemo", "WebScrapingDemo\WebScrapingDemo\WebScrapingDemo.csproj", "{CC5EDFDD-A548-4FA9-A6BF-CA8B811C62AC}"
EndProject
Global
	GlobalSection(SolutionConfigurationPlatforms) = preSolution
		Ad-Hoc|Any CPU = Ad-Hoc|Any CPU
		Ad-Hoc|iPhone = Ad-Hoc|iPhone
		Ad-Hoc|iPhoneSimulator = Ad-Hoc|iPhoneSimulator
		AppStore|Any CPU = AppStore|Any CPU
		AppStore|iPhone = AppStore|iPhone
		AppStore|iPhoneSimulator = AppStore|iPhoneSimulator
		Debug|Any CPU = Debug|Any CPU
		Debug|iPhone = Debug|iPhone
		Debug|iPhoneSimulator = Debug|iPhoneSimulator
		Release|Any CPU = Release|Any CPU
		Release|iPhone = Release|iPhone
		Release|iPhoneSimulator = Release|iPhoneSimulator
	EndGlobalSection
	GlobalSection(ProjectConfigurationPlatforms) = postSolution
		{0E867D40-F3EC-4BEB-8CCE-57BEA4A5A581}.Ad-Hoc|Any CPU.ActiveCfg = Release|Any CPU
		{0E867D40-F3EC-4BEB-8CCE-57BEA4A5A581}.Ad-Hoc|Any CPU.Build.0 = Release|Any CPU
		{0E867D40-F3EC-4BEB-8CCE-57BEA4A5A581}.Ad-Hoc|Any CPU.Deploy.0 = Release|Any CPU
		{0E867D40-F3EC-4BEB-8CCE-57BEA4A5A581}.Ad-Hoc|iPhone.ActiveCfg = Release|Any CPU
		{0E867D40-F3EC-4BEB-8CCE-57BEA4A5A581}.Ad-Hoc|iPhone.Build.0 = Release|Any CPU
		{0E867D40-F3EC-4BEB-8CCE-57BEA4A5A581}.Ad-Hoc|iPhone.Deploy.0 = Release|Any CPU
		{0E867D40-F3EC-4BEB-8CCE-57BEA4A5A581}.Ad-Hoc|iPhoneSimulator.ActiveCfg = Release|Any CPU
		{0E867D40-F3EC-4BEB-8CCE-57BEA4A5A581}.Ad-Hoc|iPhoneSimulator.Build.0 = Release|Any CPU
		{0E867D40-F3EC-4BEB-8CCE-57BEA4A5A581}.Ad-Hoc|iPhoneSimulator.Deploy.0 = Release|Any CPU
		{0E867D40-F3EC-4BEB-8CCE-57BEA4A5A581}.AppStore|Any CPU.ActiveCfg = Release|Any CPU
		{0E867D40-F3EC-4BEB-8CCE-57BEA4A5A581}.AppStore|Any CPU.Build.0 = Release|Any CPU
		{0E867D40-F3EC-4BEB-8CCE-57BEA4A5A581}.AppStore|Any CPU.Deploy.0 = Release|Any CPU
		{0E867D40-F3EC-4BEB-8CCE-57BEA4A5A581}.AppStore|iPhone.ActiveCfg = Release|Any CPU
		{0E867D40-F3EC-4BEB-8CCE-57BEA4A5A581}.AppStore|iPhone.Build.0 = Release|Any CPU
		{0E867D40-F3EC-4BEB-8CCE-57BEA4A5A581}.AppStore|iPhone.Deploy.0 = Release|Any CPU
		{0E867D40-F3EC-4BEB-8CCE-57BEA4A5A581}.AppStore|iPhoneSimulator.ActiveCfg = Release|Any CPU
		{0E867D40-F3EC-4BEB-8CCE-57BEA4A5A581}.AppStore|iPhoneSimulator.Build.0 = Release|Any CPU
		{0E867D40-F3EC-4BEB-8CCE-57BEA4A5A581}.AppStore|iPhoneSimulator.Deploy.0 = Release|Any CPU
		{0E867D40-F3EC-4BEB-8CCE-57BEA4A5A581}.Debug|Any CPU.ActiveCfg = Debug|Any CPU
		{0E867D40-F3EC-4BEB-8CCE-57BEA4A5A581}.Debug|Any CPU.Build.0 = Debug|Any CPU
		{0E867D40-F3EC-4BEB-8CCE-57BEA4A5A581}.Debug|Any CPU.Deploy.0 = Debug|Any CPU
		{0E867D40-F3EC-4BEB-8CCE-57BEA4A5A581}.Debug|iPhone.ActiveCfg = Debug|Any CPU
		{0E867D40-F3EC-4BEB-8CCE-57BEA4A5A581}.Debug|iPhone.Build.0 = Debug|Any CPU
		{0E867D40-F3EC-4BEB-8CCE-57BEA4A5A581}.Debug|iPhone.Deploy.0 = Debug|Any CPU
		{0E867D40-F3EC-4BEB-8CCE-57BEA4A5A581}.Debug|iPhoneSimulator.ActiveCfg = Debug|Any CPU
		{0E867D40-F3EC-4BEB-8CCE-57BEA4A5A581}.Debug|iPhoneSimulator.Build.0 = Debug|Any CPU
		{0E867D40-F3EC-4BEB-8CCE-57BEA4A5A581}.Debug|iPhoneSimulator.Deploy.0 = Debug|Any CPU
		{0E867D40-F3EC-4BEB-8CCE-57BEA4A5A581}.Release|Any CPU.ActiveCfg = Release|Any CPU
		{0E867D40-F3EC-4BEB-8CCE-57BEA4A5A581}.Release|Any CPU.Build.0 = Release|Any CPU
		{0E867D40-F3EC-4BEB-8CCE-57BEA4A5A581}.Release|Any CPU.Deploy.0 = Release|Any CPU
		{0E867D40-F3EC-4BEB-8CCE-57BEA4A5A581}.Release|iPhone.ActiveCfg = Release|Any CPU
		{0E867D40-F3EC-4BEB-8CCE-57BEA4A5A581}.Release|iPhone.Build.0 = Release|Any CPU
		{0E867D40-F3EC-4BEB-8CCE-57BEA4A5A581}.Release|iPhone.Deploy.0 = Release|Any CPU
		{0E867D40-F3EC-4BEB-8CCE-57BEA4A5A581}.Release|iPhoneSimulator.ActiveCfg = Release|Any CPU
		{0E867D40-F3EC-4BEB-8CCE-57BEA4A5A581}.Release|iPhoneSimulator.Build.0 = Release|Any CPU
		{0E867D40-F3EC-4BEB-8CCE-57BEA4A5A581}.Release|iPhoneSimulator.Deploy.0 = Release|Any CPU
		{D5540625-B920-48E6-BBC4-91BA15ABA361}.Ad-Hoc|Any CPU.ActiveCfg = Ad-Hoc|iPhone
		{D5540625-B920-48E6-BBC4-91BA15ABA361}.Ad-Hoc|Any CPU.Build.0 = Ad-Hoc|iPhone
		{D5540625-B920-48E6-BBC4-91BA15ABA361}.Ad-Hoc|Any CPU.Deploy.0 = Ad-Hoc|iPhone
		{D5540625-B920-48E6-BBC4-91BA15ABA361}.Ad-Hoc|iPhone.ActiveCfg = Ad-Hoc|iPhone
		{D5540625-B920-48E6-BBC4-91BA15ABA361}.Ad-Hoc|iPhone.Build.0 = Ad-Hoc|iPhone
		{D5540625-B920-48E6-BBC4-91BA15ABA361}.Ad-Hoc|iPhone.Deploy.0 = Ad-Hoc|iPhone
		{D5540625-B920-48E6-BBC4-91BA15ABA361}.Ad-Hoc|iPhoneSimulator.ActiveCfg = Ad-Hoc|iPhoneSimulator
		{D5540625-B920-48E6-BBC4-91BA15ABA361}.Ad-Hoc|iPhoneSimulator.Build.0 = Ad-Hoc|iPhoneSimulator
		{D5540625-B920-48E6-BBC4-91BA15ABA361}.Ad-Hoc|iPhoneSimulator.Deploy.0 = Ad-Hoc|iPhoneSimulator
		{D5540625-B920-48E6-BBC4-91BA15ABA361}.AppStore|Any CPU.ActiveCfg = AppStore|iPhone
		{D5540625-B920-48E6-BBC4-91BA15ABA361}.AppStore|Any CPU.Build.0 = AppStore|iPhone
		{D5540625-B920-48E6-BBC4-91BA15ABA361}.AppStore|Any CPU.Deploy.0 = AppStore|iPhone
		{D5540625-B920-48E6-BBC4-91BA15ABA361}.AppStore|iPhone.ActiveCfg = AppStore|iPhone
		{D5540625-B920-48E6-BBC4-91BA15ABA361}.AppStore|iPhone.Build.0 = AppStore|iPhone
		{D5540625-B920-48E6-BBC4-91BA15ABA361}.AppStore|iPhone.Deploy.0 = AppStore|iPhone
		{D5540625-B920-48E6-BBC4-91BA15ABA361}.AppStore|iPhoneSimulator.ActiveCfg = AppStore|iPhoneSimulator
		{D5540625-B920-48E6-BBC4-91BA15ABA361}.AppStore|iPhoneSimulator.Build.0 = AppStore|iPhoneSimulator
		{D5540625-B920-48E6-BBC4-91BA15ABA361}.AppStore|iPhoneSimulator.Deploy.0 = AppStore|iPhoneSimulator
		{D5540625-B920-48E6-BBC4-91BA15ABA361}.Debug|Any CPU.ActiveCfg = Debug|iPhoneSimulator
		{D5540625-B920-48E6-BBC4-91BA15ABA361}.Debug|Any CPU.Build.0 = Debug|iPhoneSimulator
		{D5540625-B920-48E6-BBC4-91BA15ABA361}.Debug|Any CPU.Deploy.0 = Debug|iPhoneSimulator
		{D5540625-B920-48E6-BBC4-91BA15ABA361}.Debug|iPhone.ActiveCfg = Debug|iPhone
		{D5540625-B920-48E6-BBC4-91BA15ABA361}.Debug|iPhone.Build.0 = Debug|iPhone
		{D5540625-B920-48E6-BBC4-91BA15ABA361}.Debug|iPhone.Deploy.0 = Debug|iPhone
		{D5540625-B920-48E6-BBC4-91BA15ABA361}.Debug|iPhoneSimulator.ActiveCfg = Debug|iPhoneSimulator
		{D5540625-B920-48E6-BBC4-91BA15ABA361}.Debug|iPhoneSimulator.Build.0 = Debug|iPhoneSimulator
		{D5540625-B920-48E6-BBC4-91BA15ABA361}.Debug|iPhoneSimulator.Deploy.0 = Debug|iPhoneSimulator
		{D5540625-B920-48E6-BBC4-91BA15ABA361}.Release|Any CPU.ActiveCfg = Release|iPhone
		{D5540625-B920-48E6-BBC4-91BA15ABA361}.Release|Any CPU.Build.0 = Release|iPhone
		{D5540625-B920-48E6-BBC4-91BA15ABA361}.Release|Any CPU.Deploy.0 = Release|iPhone
		{D5540625-B920-48E6-BBC4-91BA15ABA361}.Release|iPhone.ActiveCfg = Release|iPhone
		{D5540625-B920-48E6-BBC4-91BA15ABA361}.Release|iPhone.Build.0 = Release|iPhone
		{D5540625-B920-48E6-BBC4-91BA15ABA361}.Release|iPhone.Deploy.0 = Release|iPhone
		{D5540625-B920-48E6-BBC4-91BA15ABA361}.Release|iPhoneSimulator.ActiveCfg = Release|iPhoneSimulator
		{D5540625-B920-48E6-BBC4-91BA15ABA361}.Release|iPhoneSimulator.Build.0 = Release|iPhoneSimulator
		{D5540625-B920-48E6-BBC4-91BA15ABA361}.Release|iPhoneSimulator.Deploy.0 = Release|iPhoneSimulator
		{CC5EDFDD-A548-4FA9-A6BF-CA8B811C62AC}.Ad-Hoc|Any CPU.ActiveCfg = Debug|Any CPU
		{CC5EDFDD-A548-4FA9-A6BF-CA8B811C62AC}.Ad-Hoc|Any CPU.Build.0 = Debug|Any CPU
		{CC5EDFDD-A548-4FA9-A6BF-CA8B811C62AC}.Ad-Hoc|Any CPU.Deploy.0 = Debug|Any CPU
		{CC5EDFDD-A548-4FA9-A6BF-CA8B811C62AC}.Ad-Hoc|iPhone.ActiveCfg = Debug|Any CPU
		{CC5EDFDD-A548-4FA9-A6BF-CA8B811C62AC}.Ad-Hoc|iPhone.Build.0 = Debug|Any CPU
		{CC5EDFDD-A548-4FA9-A6BF-CA8B811C62AC}.Ad-Hoc|iPhone.Deploy.0 = Debug|Any CPU
		{CC5EDFDD-A548-4FA9-A6BF-CA8B811C62AC}.Ad-Hoc|iPhoneSimulator.ActiveCfg = Debug|Any CPU
		{CC5EDFDD-A548-4FA9-A6BF-CA8B811C62AC}.Ad-Hoc|iPhoneSimulator.Build.0 = Debug|Any CPU
		{CC5EDFDD-A548-4FA9-A6BF-CA8B811C62AC}.Ad-Hoc|iPhoneSimulator.Deploy.0 = Debug|Any CPU
		{CC5EDFDD-A548-4FA9-A6BF-CA8B811C62AC}.AppStore|Any CPU.ActiveCfg = Debug|Any CPU
		{CC5EDFDD-A548-4FA9-A6BF-CA8B811C62AC}.AppStore|Any CPU.Build.0 = Debug|Any CPU
		{CC5EDFDD-A548-4FA9-A6BF-CA8B811C62AC}.AppStore|Any CPU.Deploy.0 = Debug|Any CPU
		{CC5EDFDD-A548-4FA9-A6BF-CA8B811C62AC}.AppStore|iPhone.ActiveCfg = Debug|Any CPU
		{CC5EDFDD-A548-4FA9-A6BF-CA8B811C62AC}.AppStore|iPhone.Build.0 = Debug|Any CPU
		{CC5EDFDD-A548-4FA9-A6BF-CA8B811C62AC}.AppStore|iPhone.Deploy.0 = Debug|Any CPU
		{CC5EDFDD-A548-4FA9-A6BF-CA8B811C62AC}.AppStore|iPhoneSimulator.ActiveCfg = Debug|Any CPU
		{CC5EDFDD-A548-4FA9-A6BF-CA8B811C62AC}.AppStore|iPhoneSimulator.Build.0 = Debug|Any CPU
		{CC5EDFDD-A548-4FA9-A6BF-CA8B811C62AC}.AppStore|iPhoneSimulator.Deploy.0 = Debug|Any CPU
		{CC5EDFDD-A548-4FA9-A6BF-CA8B811C62AC}.Debug|Any CPU.ActiveCfg = Debug|Any CPU
		{CC5EDFDD-A548-4FA9-A6BF-CA8B811C62AC}.Debug|Any CPU.Build.0 = Debug|Any CPU
		{CC5EDFDD-A548-4FA9-A6BF-CA8B811C62AC}.Debug|Any CPU.Deploy.0 = Debug|Any CPU
		{CC5EDFDD-A548-4FA9-A6BF-CA8B811C62AC}.Debug|iPhone.ActiveCfg = Debug|Any CPU
		{CC5EDFDD-A548-4FA9-A6BF-CA8B811C62AC}.Debug|iPhone.Build.0 = Debug|Any CPU
		{CC5EDFDD-A548-4FA9-A6BF-CA8B811C62AC}.Debug|iPhone.Deploy.0 = Debug|Any CPU
		{CC5EDFDD-A548-4FA9-A6BF-CA8B811C62AC}.Debug|iPhoneSimulator.ActiveCfg = Debug|Any CPU
		{CC5EDFDD-A548-4FA9-A6BF-CA8B811C62AC}.Debug|iPhoneSimulator.Build.0 = Debug|Any CPU
		{CC5EDFDD-A548-4FA9-A6BF-CA8B811C62AC}.Debug|iPhoneSimulator.Deploy.0 = Debug|Any CPU
		{CC5EDFDD-A548-4FA9-A6BF-CA8B811C62AC}.Release|Any CPU.ActiveCfg = Release|Any CPU
		{CC5EDFDD-A548-4FA9-A6BF-CA8B811C62AC}.Release|Any CPU.Build.0 = Release|Any CPU
		{CC5EDFDD-A548-4FA9-A6BF-CA8B811C62AC}.Release|Any CPU.Deploy.0 = Release|Any CPU
		{CC5EDFDD-A548-4FA9-A6BF-CA8B811C62AC}.Release|iPhone.ActiveCfg = Release|Any CPU
		{CC5EDFDD-A548-4FA9-A6BF-CA8B811C62AC}.Release|iPhone.Build.0 = Release|Any CPU
		{CC5EDFDD-A548-4FA9-A6BF-CA8B811C62AC}.Release|iPhone.Deploy.0 = Release|Any CPU
		{CC5EDFDD-A548-4FA9-A6BF-CA8B811C62AC}.Release|iPhoneSimulator.ActiveCfg = Release|Any CPU
		{CC5EDFDD-A548-4FA9-A6BF-CA8B811C62AC}.Release|iPhoneSimulator.Build.0 = Release|Any CPU
		{CC5EDFDD-A548-4FA9-A6BF-CA8B811C62AC}.Release|iPhoneSimulator.Deploy.0 = Release|Any CPU
	EndGlobalSection
	GlobalSection(SolutionProperties) = preSolution
		HideSolutionNode = FALSE
	EndGlobalSection
	GlobalSection(ExtensibilityGlobals) = postSolution
		SolutionGuid = {F669FE40-AE11-4CFD-8C0A-945EA4DADD5A}
	EndGlobalSection
EndGlobal
